
Microsoft Visual Studio Solution File, Format Version 12.00
# Visual Studio 15
VisualStudioVersion = 15.0.27130.2027
MinimumVisualStudioVersion = 10.0.40219.1
Project("{FAE04EC0-301F-11D3-BF4B-00C04F79EFBC}") = "AutoHotStreamDeck", "AutoHotStreamDeck\AutoHotStreamDeck.csproj", "{6DD78D13-0ADA-4890-AACC-A853B0DF0D62}"
EndProject
Project("{FAE04EC0-301F-11D3-BF4B-00C04F79EFBC}") = "TestApp", "TestApp\TestApp.csproj", "{420BCA50-5C76-49E7-ABE6-8D4D678AE85F}"
EndProject
Global
	GlobalSection(SolutionConfigurationPlatforms) = preSolution
		Debug|Any CPU = Debug|Any CPU
		Release|Any CPU = Release|Any CPU
	EndGlobalSection
	GlobalSection(ProjectConfigurationPlatforms) = postSolution
		{6DD78D13-0ADA-4890-AACC-A853B0DF0D62}.Debug|Any CPU.ActiveCfg = Debug|Any CPU
		{6DD78D13-0ADA-4890-AACC-A853B0DF0D62}.Debug|Any CPU.Build.0 = Debug|Any CPU
		{6DD78D13-0ADA-4890-AACC-A853B0DF0D62}.Release|Any CPU.ActiveCfg = Release|Any CPU
		{6DD78D13-0ADA-4890-AACC-A853B0DF0D62}.Release|Any CPU.Build.0 = Release|Any CPU
		{420BCA50-5C76-49E7-ABE6-8D4D678AE85F}.Debug|Any CPU.ActiveCfg = Debug|Any CPU
		{420BCA50-5C76-49E7-ABE6-8D4D678AE85F}.Debug|Any CPU.Build.0 = Debug|Any CPU
		{420BCA50-5C76-49E7-ABE6-8D4D678AE85F}.Release|Any CPU.ActiveCfg = Release|Any CPU
		{420BCA50-5C76-49E7-ABE6-8D4D678AE85F}.Release|Any CPU.Build.0 = Release|Any CPU
	EndGlobalSection
	GlobalSection(SolutionProperties) = preSolution
		HideSolutionNode = FALSE
	EndGlobalSection
	GlobalSection(ExtensibilityGlobals) = postSolution
		SolutionGuid = {680C7B88-AA40-45B3-9BE9-12551D66B106}
	EndGlobalSection
EndGlobal
